
Microsoft Visual Studio Solution File, Format Version 12.00
# Visual Studio Version 17
VisualStudioVersion = 17.6.33829.357
MinimumVisualStudioVersion = 10.0.40219.1
Project("{888888A0-9F3D-457C-B088-3A5042F75D52}") = "SpotiUtil", "SpotiUtil.pyproj", "{E2F6666C-251F-451B-8630-7BB8A6F10FBE}"
EndProject
Global
	GlobalSection(SolutionConfigurationPlatforms) = preSolution
		Debug|Any CPU = Debug|Any CPU
		Release|Any CPU = Release|Any CPU
	EndGlobalSection
	GlobalSection(ProjectConfigurationPlatforms) = postSolution
		{E2F6666C-251F-451B-8630-7BB8A6F10FBE}.Debug|Any CPU.ActiveCfg = Debug|Any CPU
		{E2F6666C-251F-451B-8630-7BB8A6F10FBE}.Release|Any CPU.ActiveCfg = Release|Any CPU
	EndGlobalSection
	GlobalSection(SolutionProperties) = preSolution
		HideSolutionNode = FALSE
	EndGlobalSection
	GlobalSection(ExtensibilityGlobals) = postSolution
		SolutionGuid = {04E52634-0DD9-4D45-8188-F76855BB2F33}
	EndGlobalSection
EndGlobal
